#
# This file is autogenerated by pip-compile with Python 3.8
# by the following command:
#
#    pip-compile --allow-unsafe --find-links=runtime/model-wheelhouse --find-links=runtime/platform-wheelhouse --find-links=runtime/wheelhouse --generate-hashes --no-emit-find-links --no-emit-index-url --no-emit-trusted-host --no-index --output-file=requirements.models.lock --pip-args='--no-build-isolation' --strip-extras requirements.models.in
#
antlr4-python3-runtime==4.9.3 \
    --hash=sha256:f224469b4168294902bb1efa80a8bf7855f24c99aef99cbefc1bcd3cce77881b
    # via omegaconf
anyio==4.5.2 \
    --hash=sha256:c011ee36bc1e8ba40e5a81cb9df91925c218fe9b778554e0b56a21e1b5d4716f
    # via httpx
attrs==25.3.0 \
    --hash=sha256:427318ce031701fea540783410126f03899a97ffc6f61596ad581ac2e40e3bc3
    # via
    #   -c requirements.lock
    #   jsonschema
    #   referencing
certifi==2026.7.22 \
    --hash=sha256:62f22742b58a1a33014a2b6b706588a8d7e2a88ae7bd1a6ebe8c992928483775
    # via
    #   -c requirements.lock
    #   httpcore
    #   httpx
chardet==5.2.0 \
    --hash=sha256:e1cf59446890a00105fe7b7912492ea04b6e6f06d4b742b2c788469e34c82970
    # via trimesh
cmake==3.27.9 \
    --hash=sha256:434714990d82e3c3936a726c1706c6a1d5a34964a7415d1433af0904a994e414
    # via -r requirements.models.in
colorlog==6.12.0 \
    --hash=sha256:30d392604e9110045a2c2aeefc27d7a017abbab63f3a8aee594eac0801df784e
    # via trimesh
cython==0.29.37 \
    --hash=sha256:3f87bef1808d255cf13be378c7ad27ae7c6db6df7732217d32428d1daf4109be
    # via
    #   -c requirements.platform.lock
    #   -r requirements.models.in
    #   grasp-nms
einops==0.8.1 \
    --hash=sha256:919387eb55330f5757c6bea9165c5ff5cfe63a642682ea788a6d472576d81737
    # via -r requirements.models.in
embreex==4.4.0 \
    --hash=sha256:42cd471dcf2db9e2f538fd5445b51c3788fa666e54caef31f9c1f6a6a79cc128
    # via trimesh
exceptiongroup==1.3.1 \
    --hash=sha256:a7a39a3bd276781e98394987d3a5701d0c4edffb633bb7a5144577f82c773598
    # via anyio
grasp-nms==1.0.2 \
    --hash=sha256:30b8709483e69b9f6ad12e5e3701e5fe77882dc4446f3ea6b89dece822f93b8e
    # via -r requirements.models.in
h11==0.16.0 \
    --hash=sha256:63cf8bbe7522de3bf65932fda1d9c2772064ffb3dae62d55932da54b31cb6c86
    # via httpcore
httpcore==1.0.9 \
    --hash=sha256:2d400746a40668fc9dec9810239072b40b4484b640a8c38fd654a024c7a1bf55
    # via httpx
httpx==0.28.1 \
    --hash=sha256:d909fcccc110f8c7faf814ca82a9a4d816bc5a6dbfea25d6591d6985b8ba59ad
    # via trimesh
idna==3.15 \
    --hash=sha256:048adeaf8c2d788c40fee287673ccaa74c24ffd8dcf09ffa555a2fbb59f10ac8
    # via
    #   -c requirements.lock
    #   anyio
    #   httpx
imageio==2.35.1 \
    --hash=sha256:6eb2e5244e7a16b85c10b5c2fe0f7bf961b40fcb9f1a9fd1bd1d2c2f8fb3cd65
    # via scikit-image
importlib-resources==6.4.5 \
    --hash=sha256:ac29d5f956f01d5e4bb63102a5a19957f1b9175e45649977264a1416783bb717
    # via
    #   -c requirements.lock
    #   jsonschema
    #   jsonschema-specifications
jsonschema==4.23.0 \
    --hash=sha256:fbadb6f8b144a8f8cf9f0b89ba94501d143e50411a1278633f56a7acf7fd5566
    # via
    #   -c requirements.lock
    #   trimesh
jsonschema-specifications==2023.12.1 \
    --hash=sha256:87e4fdf3a94858b8a2ba2778d9ba57d8a9cafca7c7489c46ba0d30a8bc6a9c3c
    # via
    #   -c requirements.lock
    #   jsonschema
kmeans-pytorch==0.3 \
    --hash=sha256:7c0ddf1c19baaea83cd5494c3fdb86f79c0ba11c32848ba542aa190350f7c9eb
    # via -r requirements.models.in
lazy-loader==0.4 \
    --hash=sha256:342aa8e14d543a154047afb4ba8ef17f5563baad3fc610d7b15b213b0f119efc
    # via scikit-image
lxml==6.1.3 \
    --hash=sha256:302f72413251c03f671e063c9414bed5dc8c927069e5abb69245521e51a4e81b
    # via
    #   trimesh
    #   yourdfpy
manifold3d==3.4.0 \
    --hash=sha256:8cdfd3a6650f8f2c020750dfddcadb1fe062106ff77ae312aaf41a438b312901
    # via trimesh
networkx==3.1 \
    --hash=sha256:4f33f68cb2afcf86f28a45f43efc27a9386b535d567d2127f8f61d51dec58d36
    # via
    #   -c requirements.platform.lock
    #   scikit-image
    #   trimesh
numpy==1.24.4 \
    --hash=sha256:dd80e219fd4c71fc3699fc1dadac5dcf4fd882bfc6f7ec53d30fa197b8ee22dc
    # via
    #   -c requirements.lock
    #   -c requirements.platform.lock
    #   embreex
    #   grasp-nms
    #   imageio
    #   manifold3d
    #   numpy-quaternion
    #   pycollada
    #   pywavelets
    #   scikit-image
    #   scipy
    #   shapely
    #   tifffile
    #   transforms3d
    #   trimesh
    #   warp-lang
    #   yourdfpy
numpy-quaternion==2023.0.4 \
    --hash=sha256:22ad06898f7179320043f7c8d1937cca7ffd982e8ed39e4e2cb39392e52bf302
    # via -r requirements.models.in
omegaconf==2.3.0 \
    --hash=sha256:7b4df175cdb08ba400f45cae3bdcae7ba8365db4d165fc65fd04b050ab63b46b
    # via -r requirements.models.in
packaging==26.2 \
    --hash=sha256:5fc45236b9446107ff2415ce77c807cee2862cb6fac22b8a73826d0693b0980e
    # via
    #   -c requirements.lock
    #   -c requirements.platform.lock
    #   lazy-loader
    #   scikit-image
    #   setuptools-scm
pillow==10.4.0 \
    --hash=sha256:950be4d8ba92aca4b2bb0741285a46bfae3ca699ef913ec8416c1b78eadd64cd
    # via
    #   -c requirements.lock
    #   -c requirements.platform.lock
    #   imageio
    #   scikit-image
    #   trimesh
pkgutil-resolve-name==1.3.10 \
    --hash=sha256:ca27cc078d25c5ad71a9de0a7a330146c4e014c2462d9af19c6b828280649c5e
    # via
    #   -c requirements.lock
    #   jsonschema
pybind11==2.13.6 \
    --hash=sha256:237c41e29157b962835d356b370ededd57594a26d5894a795960f0047cb5caf5
    # via -r requirements.models.in
pycollada==0.9.3 \
    --hash=sha256:636e6496f60987586db82455ea7bbd9ade775e8181c6590c83b698b6cd53a9f5
    # via trimesh
python-dateutil==2.9.0.post0 \
    --hash=sha256:a8b2bc7bffae282281c8140a97d3aa9c14da0b136dfe83f850eea9a5f7470427
    # via
    #   -c requirements.lock
    #   -c requirements.platform.lock
    #   pycollada
pywavelets==1.4.1 \
    --hash=sha256:058b46434eac4c04dd89aeef6fa39e4b6496a951d78c500b6641fd5b2cc2f9f4
    # via scikit-image
pyyaml==6.0.1 \
    --hash=sha256:7e07cbde391ba96ab58e532ff4803f79c4129397514e1413a7dc761ccd755735
    # via
    #   -c requirements.lock
    #   -c requirements.platform.lock
    #   omegaconf
referencing==0.35.1 \
    --hash=sha256:eda6d3234d62814d1c64e305c1331c9a3a6132da475ab6382eaa997b21ee75de
    # via
    #   -c requirements.lock
    #   jsonschema
    #   jsonschema-specifications
rpds-py==0.20.1 \
    --hash=sha256:02a0629ec053fc013808a85178524e3cb63a61dbc35b22499870194a63578fb9
    # via
    #   -c requirements.lock
    #   jsonschema
    #   referencing
rtree==1.3.0 \
    --hash=sha256:ec2ed6d1635753dab966e68f592a9c4896f3f4ec6ad2b09b776d592eacd883a9
    # via trimesh
scikit-image==0.21.0 \
    --hash=sha256:2b0d6ed6502cca0c9719c444caafa0b8cda0f9e29e01ca42f621a240073284be
    # via -r requirements.models.in
scipy==1.10.1 \
    --hash=sha256:07c3457ce0b3ad5124f98a86533106b643dd811dd61b548e78cf4c8786652f6f
    # via
    #   -c requirements.lock
    #   scikit-image
    #   trimesh
setuptools-scm==8.1.0 \
    --hash=sha256:897a3226a6fd4a6eb2f068745e49733261a21f70b1bb28fce0339feb978d9af3
    # via -r requirements.models.in
shapely==2.0.7 \
    --hash=sha256:2934834c7f417aeb7cba3b0d9b4441a76ebcecf9ea6e80b455c33c7c62d96a24
    # via trimesh
six==1.17.0 \
    --hash=sha256:4721f391ed90541fddacab5acf947aa0d3dc7d27b2e1e8eda2be8970586c3274
    # via
    #   -c requirements.lock
    #   -c requirements.platform.lock
    #   python-dateutil
    #   yourdfpy
sniffio==1.3.1 \
    --hash=sha256:2f6da418d1f1e0fddd844478f41680e794e6051915791a034ff65e5f100525a2
    # via anyio
svg-path==7.1 \
    --hash=sha256:2c4afb1457da48ff3b3ef802aacf50fd0f23f99e82b77c6f60abc0f1ddb9c312
    # via trimesh
tifffile==2023.7.10 \
    --hash=sha256:94dfdec321ace96abbfe872a66cfd824800c099a2db558443453eebc2c11b304
    # via scikit-image
tomli==2.4.1 \
    --hash=sha256:0d85819802132122da43cb86656f8d1f8c6587d54ae7dcaf30e90533028b49fe
    # via setuptools-scm
transforms3d==0.4.2 \
    --hash=sha256:1c70399d9e9473ecc23311fd947f727f7c69ed0b063244828c383aa1aefa5941
    # via -r requirements.models.in
trimesh==4.4.9 \
    --hash=sha256:386ddbbb13502e9669deb0a91ea1140d3da1d65326e402c0a16cb737d8c3c704
    # via
    #   -c requirements.lock
    #   yourdfpy
typing-extensions==4.13.2 \
    --hash=sha256:a439e7c04b49fec3e5d3e2beaa21755cadbbdc391694e28ccdd36ca4a1408f8c
    # via
    #   -c requirements.lock
    #   -c requirements.platform.lock
    #   anyio
    #   exceptiongroup
    #   setuptools-scm
warp-lang==1.2.1 \
    --hash=sha256:eec86766a77bcc97382b8a61e8a4929419a49621aebfd2bda63ed9a930b4995d
    # via -r requirements.models.in
xatlas==0.0.11 \
    --hash=sha256:053b5911d08922094244d6c1be64956dbacc7ec1ed967dd72ebc38aefdfb8589
    # via trimesh
xxhash==3.8.1 \
    --hash=sha256:ed8bcdab6692fd4ad0dd6241807a24a640a376764460023b8d462d745e6b7b27
    # via trimesh
yourdfpy==0.0.56 \
    --hash=sha256:85063021aafa97e3818c9e708bc67a804678bbd7f8bbd3c4425f243ff58f9499
    # via -r requirements.models.in
zipp==3.20.2 \
    --hash=sha256:a817ac80d6cf4b23bf7f2828b7cabf326f15a001bea8b1f9b49631780ba28350
    # via
    #   -c requirements.lock
    #   importlib-resources

# The following packages are considered to be unsafe in a requirements file:
setuptools==75.3.4 \
    --hash=sha256:2dd50a7f42dddfa1d02a36f275dbe716f38ed250224f609d35fb60a09593d93e
    # via
    #   -c requirements.lock
    #   -c requirements.platform.lock
    #   setuptools-scm
    #   trimesh
